// !$*UTF8*$!
{
	archiveVersion = 1;
	classes = {
	};
	objectVersion = 46;
	objects = {

/* Begin PBXBuildFile section */
		A1255E461D3173B9001EF3CB /* FridgeViewController.swift in Sources */ = {isa = PBXBuildFile; fileRef = A1255E451D3173B9001EF3CB /* FridgeViewController.swift */; };
		AF055D1B1D314C550014282C /* AppDelegate.swift in Sources */ = {isa = PBXBuildFile; fileRef = AF055D1A1D314C550014282C /* AppDelegate.swift */; };
		AF055D1D1D314C550014282C /* ViewController.swift in Sources */ = {isa = PBXBuildFile; fileRef = AF055D1C1D314C550014282C /* ViewController.swift */; };
		AF055D201D314C550014282C /* Main.storyboard in Resources */ = {isa = PBXBuildFile; fileRef = AF055D1E1D314C550014282C /* Main.storyboard */; };
		AF055D231D314C550014282C /* Chef.xcdatamodeld in Sources */ = {isa = PBXBuildFile; fileRef = AF055D211D314C550014282C /* Chef.xcdatamodeld */; };
		AF055D251D314C550014282C /* Assets.xcassets in Resources */ = {isa = PBXBuildFile; fileRef = AF055D241D314C550014282C /* Assets.xcassets */; };
		AF055D281D314C550014282C /* LaunchScreen.storyboard in Resources */ = {isa = PBXBuildFile; fileRef = AF055D261D314C550014282C /* LaunchScreen.storyboard */; };
		AF055D331D314C550014282C /* ChefTests.swift in Sources */ = {isa = PBXBuildFile; fileRef = AF055D321D314C550014282C /* ChefTests.swift */; };
		AF3182291D3229B5001A458B /* RegisterController.swift in Sources */ = {isa = PBXBuildFile; fileRef = AF3182281D3229B5001A458B /* RegisterController.swift */; };
		AF45043D1D319DBB007B459A /* Frige.swift in Sources */ = {isa = PBXBuildFile; fileRef = AF45043B1D319DBB007B459A /* Frige.swift */; };
		AF45043E1D319DBB007B459A /* Product.swift in Sources */ = {isa = PBXBuildFile; fileRef = AF45043C1D319DBB007B459A /* Product.swift */; };
		AF4504411D319E00007B459A /* MainUser.swift in Sources */ = {isa = PBXBuildFile; fileRef = AF4504401D319E00007B459A /* MainUser.swift */; };
		AF4504441D319E14007B459A /* HTTPProcessor.swift in Sources */ = {isa = PBXBuildFile; fileRef = AF4504431D319E14007B459A /* HTTPProcessor.swift */; };
		AF4504481D31BD4C007B459A /* Recipe.swift in Sources */ = {isa = PBXBuildFile; fileRef = AF4504471D31BD4C007B459A /* Recipe.swift */; };
		AF45044A1D31BDC7007B459A /* Step.swift in Sources */ = {isa = PBXBuildFile; fileRef = AF4504491D31BDC7007B459A /* Step.swift */; };
		AF4504521D31DF2D007B459A /* ProductsAddViewController.swift in Sources */ = {isa = PBXBuildFile; fileRef = AF4504511D31DF2D007B459A /* ProductsAddViewController.swift */; };
		AF4504561D31E1E3007B459A /* ProductViewCell.swift in Sources */ = {isa = PBXBuildFile; fileRef = AF4504551D31E1E3007B459A /* ProductViewCell.swift */; };
		AF9A956B1D3201A100A24512 /* FridgeViewCell.swift in Sources */ = {isa = PBXBuildFile; fileRef = AF9A956A1D3201A100A24512 /* FridgeViewCell.swift */; };
		AF9A956D1D32078B00A24512 /* Model.swift in Sources */ = {isa = PBXBuildFile; fileRef = AF9A956C1D32078B00A24512 /* Model.swift */; };
		AF9A95701D3208CD00A24512 /* LoadRecipesViewController.swift in Sources */ = {isa = PBXBuildFile; fileRef = AF9A956F1D3208CD00A24512 /* LoadRecipesViewController.swift */; };
		AF9A95721D320ADE00A24512 /* RecipesViewController.swift in Sources */ = {isa = PBXBuildFile; fileRef = AF9A95711D320ADE00A24512 /* RecipesViewController.swift */; };
		AF9A95741D320B0200A24512 /* RecipeViewCell.swift in Sources */ = {isa = PBXBuildFile; fileRef = AF9A95731D320B0200A24512 /* RecipeViewCell.swift */; };
		AF9A95771D32112D00A24512 /* RecipeStepsController.swift in Sources */ = {isa = PBXBuildFile; fileRef = AF9A95761D32112D00A24512 /* RecipeStepsController.swift */; };
		AF9A95791D321A0D00A24512 /* RecipeEndViewController.swift in Sources */ = {isa = PBXBuildFile; fileRef = AF9A95781D321A0D00A24512 /* RecipeEndViewController.swift */; };
		AF9A957C1D3221E100A24512 /* AuthorizeController.swift in Sources */ = {isa = PBXBuildFile; fileRef = AF9A957B1D3221E100A24512 /* AuthorizeController.swift */; };
		AF9A957E1D3222B200A24512 /* AuthorizeUser.swift in Sources */ = {isa = PBXBuildFile; fileRef = AF9A957D1D3222B200A24512 /* AuthorizeUser.swift */; };
/* End PBXBuildFile section */

/* Begin PBXContainerItemProxy section */
		AF055D2F1D314C550014282C /* PBXContainerItemProxy */ = {
			isa = PBXContainerItemProxy;
			containerPortal = AF055D0F1D314C550014282C /* Project object */;
			proxyType = 1;
			remoteGlobalIDString = AF055D161D314C550014282C;
			remoteInfo = Chef;
		};
/* End PBXContainerItemProxy section */

/* Begin PBXFileReference section */
		30E56377D82B45CA7DF18402 /* libPods-Chef.a */ = {isa = PBXFileReference; explicitFileType = archive.ar; includeInIndex = 0; path = "libPods-Chef.a"; sourceTree = BUILT_PRODUCTS_DIR; };
		A1255E451D3173B9001EF3CB /* FridgeViewController.swift */ = {isa = PBXFileReference; fileEncoding = 4; lastKnownFileType = sourcecode.swift; path = FridgeViewController.swift; sourceTree = "<group>"; };
		A29F34AF2A3D2093DFECDC38 /* Pods-Chef.release.xcconfig */ = {isa = PBXFileReference; includeInIndex = 1; lastKnownFileType = text.xcconfig; name = "Pods-Chef.release.xcconfig"; path = "Pods/Target Support Files/Pods-Chef/Pods-Chef.release.xcconfig"; sourceTree = "<group>"; };
		AF055D171D314C550014282C /* Chef.app */ = {isa = PBXFileReference; explicitFileType = wrapper.application; includeInIndex = 0; path = Chef.app; sourceTree = BUILT_PRODUCTS_DIR; };
		AF055D1A1D314C550014282C /* AppDelegate.swift */ = {isa = PBXFileReference; lastKnownFileType = sourcecode.swift; path = AppDelegate.swift; sourceTree = "<group>"; };
		AF055D1C1D314C550014282C /* ViewController.swift */ = {isa = PBXFileReference; lastKnownFileType = sourcecode.swift; path = ViewController.swift; sourceTree = "<group>"; };
		AF055D1F1D314C550014282C /* Base */ = {isa = PBXFileReference; lastKnownFileType = file.storyboard; name = Base; path = Base.lproj/Main.storyboard; sourceTree = "<group>"; };
		AF055D221D314C550014282C /* Chef.xcdatamodel */ = {isa = PBXFileReference; lastKnownFileType = wrapper.xcdatamodel; path = Chef.xcdatamodel; sourceTree = "<group>"; };
		AF055D241D314C550014282C /* Assets.xcassets */ = {isa = PBXFileReference; lastKnownFileType = folder.assetcatalog; path = Assets.xcassets; sourceTree = "<group>"; };
		AF055D271D314C550014282C /* Base */ = {isa = PBXFileReference; lastKnownFileType = file.storyboard; name = Base; path = Base.lproj/LaunchScreen.storyboard; sourceTree = "<group>"; };
		AF055D291D314C550014282C /* Info.plist */ = {isa = PBXFileReference; lastKnownFileType = text.plist.xml; path = Info.plist; sourceTree = "<group>"; };
		AF055D2E1D314C550014282C /* ChefTests.xctest */ = {isa = PBXFileReference; explicitFileType = wrapper.cfbundle; includeInIndex = 0; path = ChefTests.xctest; sourceTree = BUILT_PRODUCTS_DIR; };
		AF055D321D314C550014282C /* ChefTests.swift */ = {isa = PBXFileReference; lastKnownFileType = sourcecode.swift; path = ChefTests.swift; sourceTree = "<group>"; };
		AF055D341D314C550014282C /* Info.plist */ = {isa = PBXFileReference; lastKnownFileType = text.plist.xml; path = Info.plist; sourceTree = "<group>"; };
		AF3182281D3229B5001A458B /* RegisterController.swift */ = {isa = PBXFileReference; fileEncoding = 4; lastKnownFileType = sourcecode.swift; path = RegisterController.swift; sourceTree = "<group>"; };
		AF45043B1D319DBB007B459A /* Frige.swift */ = {isa = PBXFileReference; fileEncoding = 4; lastKnownFileType = sourcecode.swift; path = Frige.swift; sourceTree = "<group>"; };
		AF45043C1D319DBB007B459A /* Product.swift */ = {isa = PBXFileReference; fileEncoding = 4; lastKnownFileType = sourcecode.swift; path = Product.swift; sourceTree = "<group>"; };
		AF4504401D319E00007B459A /* MainUser.swift */ = {isa = PBXFileReference; fileEncoding = 4; lastKnownFileType = sourcecode.swift; path = MainUser.swift; sourceTree = "<group>"; };
		AF4504431D319E14007B459A /* HTTPProcessor.swift */ = {isa = PBXFileReference; fileEncoding = 4; lastKnownFileType = sourcecode.swift; path = HTTPProcessor.swift; sourceTree = "<group>"; };
		AF4504471D31BD4C007B459A /* Recipe.swift */ = {isa = PBXFileReference; fileEncoding = 4; lastKnownFileType = sourcecode.swift; path = Recipe.swift; sourceTree = "<group>"; };
		AF4504491D31BDC7007B459A /* Step.swift */ = {isa = PBXFileReference; fileEncoding = 4; lastKnownFileType = sourcecode.swift; path = Step.swift; sourceTree = "<group>"; };
		AF45044B1D31D19B007B459A /* libVK-ios-sdk.a */ = {isa = PBXFileReference; lastKnownFileType = archive.ar; name = "libVK-ios-sdk.a"; path = "Pods/../build/Debug-iphoneos/VK-ios-sdk/libVK-ios-sdk.a"; sourceTree = "<group>"; };
		AF45044E1D31D1C2007B459A /* Chef-Bridging-Header.h */ = {isa = PBXFileReference; lastKnownFileType = sourcecode.c.h; path = "Chef-Bridging-Header.h"; sourceTree = "<group>"; };
		AF4504511D31DF2D007B459A /* ProductsAddViewController.swift */ = {isa = PBXFileReference; fileEncoding = 4; lastKnownFileType = sourcecode.swift; path = ProductsAddViewController.swift; sourceTree = "<group>"; };
		AF4504551D31E1E3007B459A /* ProductViewCell.swift */ = {isa = PBXFileReference; fileEncoding = 4; lastKnownFileType = sourcecode.swift; path = ProductViewCell.swift; sourceTree = "<group>"; };
		AF9A956A1D3201A100A24512 /* FridgeViewCell.swift */ = {isa = PBXFileReference; fileEncoding = 4; lastKnownFileType = sourcecode.swift; path = FridgeViewCell.swift; sourceTree = "<group>"; };
		AF9A956C1D32078B00A24512 /* Model.swift */ = {isa = PBXFileReference; fileEncoding = 4; lastKnownFileType = sourcecode.swift; path = Model.swift; sourceTree = "<group>"; };
		AF9A956F1D3208CD00A24512 /* LoadRecipesViewController.swift */ = {isa = PBXFileReference; fileEncoding = 4; lastKnownFileType = sourcecode.swift; path = LoadRecipesViewController.swift; sourceTree = "<group>"; };
		AF9A95711D320ADE00A24512 /* RecipesViewController.swift */ = {isa = PBXFileReference; fileEncoding = 4; lastKnownFileType = sourcecode.swift; path = RecipesViewController.swift; sourceTree = "<group>"; };
		AF9A95731D320B0200A24512 /* RecipeViewCell.swift */ = {isa = PBXFileReference; fileEncoding = 4; lastKnownFileType = sourcecode.swift; path = RecipeViewCell.swift; sourceTree = "<group>"; };
		AF9A95761D32112D00A24512 /* RecipeStepsController.swift */ = {isa = PBXFileReference; fileEncoding = 4; lastKnownFileType = sourcecode.swift; path = RecipeStepsController.swift; sourceTree = "<group>"; };
		AF9A95781D321A0D00A24512 /* RecipeEndViewController.swift */ = {isa = PBXFileReference; fileEncoding = 4; lastKnownFileType = sourcecode.swift; path = RecipeEndViewController.swift; sourceTree = "<group>"; };
		AF9A957B1D3221E100A24512 /* AuthorizeController.swift */ = {isa = PBXFileReference; fileEncoding = 4; lastKnownFileType = sourcecode.swift; path = AuthorizeController.swift; sourceTree = "<group>"; };
		AF9A957D1D3222B200A24512 /* AuthorizeUser.swift */ = {isa = PBXFileReference; fileEncoding = 4; lastKnownFileType = sourcecode.swift; path = AuthorizeUser.swift; sourceTree = "<group>"; };
		B19C6E4DF639C192AC4FD962 /* Pods-Chef.debug.xcconfig */ = {isa = PBXFileReference; includeInIndex = 1; lastKnownFileType = text.xcconfig; name = "Pods-Chef.debug.xcconfig"; path = "Pods/Target Support Files/Pods-Chef/Pods-Chef.debug.xcconfig"; sourceTree = "<group>"; };
/* End PBXFileReference section */

/* Begin PBXFrameworksBuildPhase section */
		AF055D141D314C550014282C /* Frameworks */ = {
			isa = PBXFrameworksBuildPhase;
			buildActionMask = 2147483647;
			files = (
			);
			runOnlyForDeploymentPostprocessing = 0;
		};
		AF055D2B1D314C550014282C /* Frameworks */ = {
			isa = PBXFrameworksBuildPhase;
			buildActionMask = 2147483647;
			files = (
			);
			runOnlyForDeploymentPostprocessing = 0;
		};
/* End PBXFrameworksBuildPhase section */

/* Begin PBXGroup section */
		6007F44D8123CEDF74BE3B9D /* Frameworks */ = {
			isa = PBXGroup;
			children = (
				AF45044B1D31D19B007B459A /* libVK-ios-sdk.a */,
				30E56377D82B45CA7DF18402 /* libPods-Chef.a */,
			);
			name = Frameworks;
			sourceTree = "<group>";
		};
		AF055D0E1D314C550014282C = {
			isa = PBXGroup;
			children = (
				AF055D191D314C550014282C /* Chef */,
				AF055D311D314C550014282C /* ChefTests */,
				AF055D181D314C550014282C /* Products */,
				DAD3D83FB79018C2990D1DC6 /* Pods */,
				6007F44D8123CEDF74BE3B9D /* Frameworks */,
			);
			sourceTree = "<group>";
		};
		AF055D181D314C550014282C /* Products */ = {
			isa = PBXGroup;
			children = (
				AF055D171D314C550014282C /* Chef.app */,
				AF055D2E1D314C550014282C /* ChefTests.xctest */,
			);
			name = Products;
			sourceTree = "<group>";
		};
		AF055D191D314C550014282C /* Chef */ = {
			isa = PBXGroup;
			children = (
				AF9A957A1D3221B900A24512 /* AuthLogic */,
				AF4504531D31E142007B459A /* Views */,
				AF45043F1D319DF0007B459A /* Logic */,
				AF45043A1D319D87007B459A /* Entity */,
				AF055D1A1D314C550014282C /* AppDelegate.swift */,
				AF055D1C1D314C550014282C /* ViewController.swift */,
				AF055D1E1D314C550014282C /* Main.storyboard */,
				A1255E451D3173B9001EF3CB /* FridgeViewController.swift */,
				AF9A956A1D3201A100A24512 /* FridgeViewCell.swift */,
				AF055D241D314C550014282C /* Assets.xcassets */,
				AF055D261D314C550014282C /* LaunchScreen.storyboard */,
				AF055D291D314C550014282C /* Info.plist */,
				AF055D211D314C550014282C /* Chef.xcdatamodeld */,
				AF9A956C1D32078B00A24512 /* Model.swift */,
			);
			path = Chef;
			sourceTree = "<group>";
		};
		AF055D311D314C550014282C /* ChefTests */ = {
			isa = PBXGroup;
			children = (
				AF055D321D314C550014282C /* ChefTests.swift */,
				AF055D341D314C550014282C /* Info.plist */,
			);
			path = ChefTests;
			sourceTree = "<group>";
		};
		AF45043A1D319D87007B459A /* Entity */ = {
			isa = PBXGroup;
			children = (
				AF45043B1D319DBB007B459A /* Frige.swift */,
				AF45043C1D319DBB007B459A /* Product.swift */,
				AF4504471D31BD4C007B459A /* Recipe.swift */,
				AF4504491D31BDC7007B459A /* Step.swift */,
			);
			name = Entity;
			path = Entities;
			sourceTree = "<group>";
		};
		AF45043F1D319DF0007B459A /* Logic */ = {
			isa = PBXGroup;
			children = (
				AF4504421D319E04007B459A /* HTTPProcessor */,
				AF4504401D319E00007B459A /* MainUser.swift */,
			);
			path = Logic;
			sourceTree = "<group>";
		};
		AF4504421D319E04007B459A /* HTTPProcessor */ = {
			isa = PBXGroup;
			children = (
				AF4504431D319E14007B459A /* HTTPProcessor.swift */,
			);
			path = HTTPProcessor;
			sourceTree = "<group>";
		};
		AF45044D1D31D1A0007B459A /* BridgeObjC */ = {
			isa = PBXGroup;
			children = (
				AF45044E1D31D1C2007B459A /* Chef-Bridging-Header.h */,
			);
			name = BridgeObjC;
			path = ../../BridgeObjC;
			sourceTree = "<group>";
		};
		AF4504531D31E142007B459A /* Views */ = {
			isa = PBXGroup;
			children = (
				AF9A95751D32108D00A24512 /* RecipeSteps */,
				AF9A956E1D32089D00A24512 /* Recipes */,
			);
			path = Views;
			sourceTree = "<group>";
		};
		AF4504541D31E154007B459A /* ProductsAdd */ = {
			isa = PBXGroup;
			children = (
				AF4504511D31DF2D007B459A /* ProductsAddViewController.swift */,
				AF4504551D31E1E3007B459A /* ProductViewCell.swift */,
			);
			name = ProductsAdd;
			path = ../ProductsAdd;
			sourceTree = "<group>";
		};
		AF9A956E1D32089D00A24512 /* Recipes */ = {
			isa = PBXGroup;
			children = (
				AF9A956F1D3208CD00A24512 /* LoadRecipesViewController.swift */,
				AF9A95731D320B0200A24512 /* RecipeViewCell.swift */,
				AF9A95711D320ADE00A24512 /* RecipesViewController.swift */,
				AF45044D1D31D1A0007B459A /* BridgeObjC */,
				AF4504541D31E154007B459A /* ProductsAdd */,
			);
			path = Recipes;
			sourceTree = "<group>";
		};
		AF9A95751D32108D00A24512 /* RecipeSteps */ = {
			isa = PBXGroup;
			children = (
				AF9A95761D32112D00A24512 /* RecipeStepsController.swift */,
				AF9A95781D321A0D00A24512 /* RecipeEndViewController.swift */,
			);
			path = RecipeSteps;
			sourceTree = "<group>";
		};
		AF9A957A1D3221B900A24512 /* AuthLogic */ = {
			isa = PBXGroup;
			children = (
				AF9A957B1D3221E100A24512 /* AuthorizeController.swift */,
				AF9A957D1D3222B200A24512 /* AuthorizeUser.swift */,
				AF3182281D3229B5001A458B /* RegisterController.swift */,
			);
			path = AuthLogic;
			sourceTree = "<group>";
		};
		DAD3D83FB79018C2990D1DC6 /* Pods */ = {
			isa = PBXGroup;
			children = (
				B19C6E4DF639C192AC4FD962 /* Pods-Chef.debug.xcconfig */,
				A29F34AF2A3D2093DFECDC38 /* Pods-Chef.release.xcconfig */,
			);
			name = Pods;
			sourceTree = "<group>";
		};
/* End PBXGroup section */

/* Begin PBXNativeTarget section */
		AF055D161D314C550014282C /* Chef */ = {
			isa = PBXNativeTarget;
			buildConfigurationList = AF055D371D314C550014282C /* Build configuration list for PBXNativeTarget "Chef" */;
			buildPhases = (
				AF055D131D314C550014282C /* Sources */,
				AF055D141D314C550014282C /* Frameworks */,
				AF055D151D314C550014282C /* Resources */,
			);
			buildRules = (
			);
			dependencies = (
			);
			name = Chef;
			productName = Chef;
			productReference = AF055D171D314C550014282C /* Chef.app */;
			productType = "com.apple.product-type.application";
		};
		AF055D2D1D314C550014282C /* ChefTests */ = {
			isa = PBXNativeTarget;
			buildConfigurationList = AF055D3A1D314C550014282C /* Build configuration list for PBXNativeTarget "ChefTests" */;
			buildPhases = (
				AF055D2A1D314C550014282C /* Sources */,
				AF055D2B1D314C550014282C /* Frameworks */,
				AF055D2C1D314C550014282C /* Resources */,
			);
			buildRules = (
			);
			dependencies = (
				AF055D301D314C550014282C /* PBXTargetDependency */,
			);
			name = ChefTests;
			productName = ChefTests;
			productReference = AF055D2E1D314C550014282C /* ChefTests.xctest */;
			productType = "com.apple.product-type.bundle.unit-test";
		};
/* End PBXNativeTarget section */

/* Begin PBXProject section */
		AF055D0F1D314C550014282C /* Project object */ = {
			isa = PBXProject;
			attributes = {
				LastSwiftUpdateCheck = 0730;
				LastUpgradeCheck = 0730;
				ORGANIZATIONNAME = ChefTeam;
				TargetAttributes = {
					AF055D161D314C550014282C = {
						CreatedOnToolsVersion = 7.3.1;
					};
					AF055D2D1D314C550014282C = {
						CreatedOnToolsVersion = 7.3.1;
						TestTargetID = AF055D161D314C550014282C;
					};
				};
			};
			buildConfigurationList = AF055D121D314C550014282C /* Build configuration list for PBXProject "Chef" */;
			compatibilityVersion = "Xcode 3.2";
			developmentRegion = English;
			hasScannedForEncodings = 0;
			knownRegions = (
				en,
				Base,
			);
			mainGroup = AF055D0E1D314C550014282C;
			productRefGroup = AF055D181D314C550014282C /* Products */;
			projectDirPath = "";
			projectRoot = "";
			targets = (
				AF055D161D314C550014282C /* Chef */,
				AF055D2D1D314C550014282C /* ChefTests */,
			);
		};
/* End PBXProject section */

/* Begin PBXResourcesBuildPhase section */
		AF055D151D314C550014282C /* Resources */ = {
			isa = PBXResourcesBuildPhase;
			buildActionMask = 2147483647;
			files = (
				AF055D281D314C550014282C /* LaunchScreen.storyboard in Resources */,
				AF055D251D314C550014282C /* Assets.xcassets in Resources */,
				AF055D201D314C550014282C /* Main.storyboard in Resources */,
			);
			runOnlyForDeploymentPostprocessing = 0;
		};
		AF055D2C1D314C550014282C /* Resources */ = {
			isa = PBXResourcesBuildPhase;
			buildActionMask = 2147483647;
			files = (
			);
			runOnlyForDeploymentPostprocessing = 0;
		};
/* End PBXResourcesBuildPhase section */

/* Begin PBXSourcesBuildPhase section */
		AF055D131D314C550014282C /* Sources */ = {
			isa = PBXSourcesBuildPhase;
			buildActionMask = 2147483647;
			files = (
				AF4504441D319E14007B459A /* HTTPProcessor.swift in Sources */,
				AF055D231D314C550014282C /* Chef.xcdatamodeld in Sources */,
				AF055D1D1D314C550014282C /* ViewController.swift in Sources */,
				AF4504481D31BD4C007B459A /* Recipe.swift in Sources */,
				AF45043E1D319DBB007B459A /* Product.swift in Sources */,
				AF4504521D31DF2D007B459A /* ProductsAddViewController.swift in Sources */,
				AF9A95721D320ADE00A24512 /* RecipesViewController.swift in Sources */,
				AF45043D1D319DBB007B459A /* Frige.swift in Sources */,
				AF4504561D31E1E3007B459A /* ProductViewCell.swift in Sources */,
				AF9A95741D320B0200A24512 /* RecipeViewCell.swift in Sources */,
				AF4504411D319E00007B459A /* MainUser.swift in Sources */,
				AF9A956D1D32078B00A24512 /* Model.swift in Sources */,
				A1255E461D3173B9001EF3CB /* FridgeViewController.swift in Sources */,
				AF9A957C1D3221E100A24512 /* AuthorizeController.swift in Sources */,
				AF3182291D3229B5001A458B /* RegisterController.swift in Sources */,
				AF9A95791D321A0D00A24512 /* RecipeEndViewController.swift in Sources */,
				AF9A957E1D3222B200A24512 /* AuthorizeUser.swift in Sources */,
				AF9A95701D3208CD00A24512 /* LoadRecipesViewController.swift in Sources */,
				AF9A95771D32112D00A24512 /* RecipeStepsController.swift in Sources */,
				AF9A956B1D3201A100A24512 /* FridgeViewCell.swift in Sources */,
				AF055D1B1D314C550014282C /* AppDelegate.swift in Sources */,
				AF45044A1D31BDC7007B459A /* Step.swift in Sources */,
			);
			runOnlyForDeploymentPostprocessing = 0;
		};
		AF055D2A1D314C550014282C /* Sources */ = {
			isa = PBXSourcesBuildPhase;
			buildActionMask = 2147483647;
			files = (
				AF055D331D314C550014282C /* ChefTests.swift in Sources */,
			);
			runOnlyForDeploymentPostprocessing = 0;
		};
/* End PBXSourcesBuildPhase section */

/* Begin PBXTargetDependency section */
		AF055D301D314C550014282C /* PBXTargetDependency */ = {
			isa = PBXTargetDependency;
			target = AF055D161D314C550014282C /* Chef */;
			targetProxy = AF055D2F1D314C550014282C /* PBXContainerItemProxy */;
		};
/* End PBXTargetDependency section */

/* Begin PBXVariantGroup section */
		AF055D1E1D314C550014282C /* Main.storyboard */ = {
			isa = PBXVariantGroup;
			children = (
				AF055D1F1D314C550014282C /* Base */,
			);
			name = Main.storyboard;
			sourceTree = "<group>";
		};
		AF055D261D314C550014282C /* LaunchScreen.storyboard */ = {
			isa = PBXVariantGroup;
			children = (
				AF055D271D314C550014282C /* Base */,
			);
			name = LaunchScreen.storyboard;
			sourceTree = "<group>";
		};
/* End PBXVariantGroup section */

/* Begin XCBuildConfiguration section */
		AF055D351D314C550014282C /* Debug */ = {
			isa = XCBuildConfiguration;
			buildSettings = {
				ALWAYS_SEARCH_USER_PATHS = NO;
				CLANG_ANALYZER_NONNULL = YES;
				CLANG_CXX_LANGUAGE_STANDARD = "gnu++0x";
				CLANG_CXX_LIBRARY = "libc++";
				CLANG_ENABLE_MODULES = YES;
				CLANG_ENABLE_OBJC_ARC = YES;
				CLANG_WARN_BOOL_CONVERSION = YES;
				CLANG_WARN_CONSTANT_CONVERSION = YES;
				CLANG_WARN_DIRECT_OBJC_ISA_USAGE = YES_ERROR;
				CLANG_WARN_EMPTY_BODY = YES;
				CLANG_WARN_ENUM_CONVERSION = YES;
				CLANG_WARN_INT_CONVERSION = YES;
				CLANG_WARN_OBJC_ROOT_CLASS = YES_ERROR;
				CLANG_WARN_UNREACHABLE_CODE = YES;
				CLANG_WARN__DUPLICATE_METHOD_MATCH = YES;
				"CODE_SIGN_IDENTITY[sdk=iphoneos*]" = "iPhone Developer";
				COPY_PHASE_STRIP = NO;
				DEBUG_INFORMATION_FORMAT = dwarf;
				ENABLE_STRICT_OBJC_MSGSEND = YES;
				ENABLE_TESTABILITY = YES;
				GCC_C_LANGUAGE_STANDARD = gnu99;
				GCC_DYNAMIC_NO_PIC = NO;
				GCC_NO_COMMON_BLOCKS = YES;
				GCC_OPTIMIZATION_LEVEL = 0;
				GCC_PREPROCESSOR_DEFINITIONS = (
					"DEBUG=1",
					"$(inherited)",
				);
				GCC_WARN_64_TO_32_BIT_CONVERSION = YES;
				GCC_WARN_ABOUT_RETURN_TYPE = YES_ERROR;
				GCC_WARN_UNDECLARED_SELECTOR = YES;
				GCC_WARN_UNINITIALIZED_AUTOS = YES_AGGRESSIVE;
				GCC_WARN_UNUSED_FUNCTION = YES;
				GCC_WARN_UNUSED_VARIABLE = YES;
				IPHONEOS_DEPLOYMENT_TARGET = 9.3;
				MTL_ENABLE_DEBUG_INFO = YES;
				ONLY_ACTIVE_ARCH = YES;
				SDKROOT = iphoneos;
				SWIFT_OPTIMIZATION_LEVEL = "-Onone";
			};
			name = Debug;
		};
		AF055D361D314C550014282C /* Release */ = {
			isa = XCBuildConfiguration;
			buildSettings = {
				ALWAYS_SEARCH_USER_PATHS = NO;
				CLANG_ANALYZER_NONNULL = YES;
				CLANG_CXX_LANGUAGE_STANDARD = "gnu++0x";
				CLANG_CXX_LIBRARY = "libc++";
				CLANG_ENABLE_MODULES = YES;
				CLANG_ENABLE_OBJC_ARC = YES;
				CLANG_WARN_BOOL_CONVERSION = YES;
				CLANG_WARN_CONSTANT_CONVERSION = YES;
				CLANG_WARN_DIRECT_OBJC_ISA_USAGE = YES_ERROR;
				CLANG_WARN_EMPTY_BODY = YES;
				CLANG_WARN_ENUM_CONVERSION = YES;
				CLANG_WARN_INT_CONVERSION = YES;
				CLANG_WARN_OBJC_ROOT_CLASS = YES_ERROR;
				CLANG_WARN_UNREACHABLE_CODE = YES;
				CLANG_WARN__DUPLICATE_METHOD_MATCH = YES;
				"CODE_SIGN_IDENTITY[sdk=iphoneos*]" = "iPhone Developer";
				COPY_PHASE_STRIP = NO;
				DEBUG_INFORMATION_FORMAT = "dwarf-with-dsym";
				ENABLE_NS_ASSERTIONS = NO;
				ENABLE_STRICT_OBJC_MSGSEND = YES;
				GCC_C_LANGUAGE_STANDARD = gnu99;
				GCC_NO_COMMON_BLOCKS = YES;
				GCC_WARN_64_TO_32_BIT_CONVERSION = YES;
				GCC_WARN_ABOUT_RETURN_TYPE = YES_ERROR;
				GCC_WARN_UNDECLARED_SELECTOR = YES;
				GCC_WARN_UNINITIALIZED_AUTOS = YES_AGGRESSIVE;
				GCC_WARN_UNUSED_FUNCTION = YES;
				GCC_WARN_UNUSED_VARIABLE = YES;
				IPHONEOS_DEPLOYMENT_TARGET = 9.3;
				MTL_ENABLE_DEBUG_INFO = NO;
				SDKROOT = iphoneos;
				VALIDATE_PRODUCT = YES;
			};
			name = Release;
		};
		AF055D381D314C550014282C /* Debug */ = {
			isa = XCBuildConfiguration;
			baseConfigurationReference = B19C6E4DF639C192AC4FD962 /* Pods-Chef.debug.xcconfig */;
			buildSettings = {
				ASSETCATALOG_COMPILER_APPICON_NAME = AppIcon;
				CLANG_ENABLE_MODULES = YES;
				CODE_SIGN_IDENTITY = "iPhone Developer";
				"CODE_SIGN_IDENTITY[sdk=iphoneos*]" = "iPhone Developer";
				INFOPLIST_FILE = Chef/Info.plist;
				IPHONEOS_DEPLOYMENT_TARGET = 8.0;
				LD_RUNPATH_SEARCH_PATHS = "$(inherited) @executable_path/Frameworks";
				LIBRARY_SEARCH_PATHS = "$(inherited)";
				PRODUCT_BUNDLE_IDENTIFIER = Chef;
				PRODUCT_NAME = "$(TARGET_NAME)";
				PROVISIONING_PROFILE = "";
				SWIFT_OBJC_BRIDGING_HEADER = "Chef/BridgeObjC/Chef-Bridging-Header.h";
				SWIFT_OPTIMIZATION_LEVEL = "-Onone";
			};
			name = Debug;
		};
		AF055D391D314C550014282C /* Release */ = {
			isa = XCBuildConfiguration;
			baseConfigurationReference = A29F34AF2A3D2093DFECDC38 /* Pods-Chef.release.xcconfig */;
			buildSettings = {
				ASSETCATALOG_COMPILER_APPICON_NAME = AppIcon;
				CLANG_ENABLE_MODULES = YES;
				CODE_SIGN_IDENTITY = "iPhone Developer";
				"CODE_SIGN_IDENTITY[sdk=iphoneos*]" = "iPhone Developer";
				INFOPLIST_FILE = Chef/Info.plist;
				IPHONEOS_DEPLOYMENT_TARGET = 8.0;
				LD_RUNPATH_SEARCH_PATHS = "$(inherited) @executable_path/Frameworks";
				LIBRARY_SEARCH_PATHS = "$(inherited)";
				PRODUCT_BUNDLE_IDENTIFIER = Chef;
				PRODUCT_NAME = "$(TARGET_NAME)";
				PROVISIONING_PROFILE = "";
				SWIFT_OBJC_BRIDGING_HEADER = "Chef/BridgeObjC/Chef-Bridging-Header.h";
			};
			name = Release;
		};
		AF055D3B1D314C550014282C /* Debug */ = {
			isa = XCBuildConfiguration;
			buildSettings = {
				BUNDLE_LOADER = "$(TEST_HOST)";
				INFOPLIST_FILE = ChefTests/Info.plist;
				LD_RUNPATH_SEARCH_PATHS = "$(inherited) @executable_path/Frameworks @loader_path/Frameworks";
				PRODUCT_BUNDLE_IDENTIFIER = com.ChefTeam.ChefTests;
				PRODUCT_NAME = "$(TARGET_NAME)";
				TEST_HOST = "$(BUILT_PRODUCTS_DIR)/Chef.app/Chef";
			};
			name = Debug;
		};
		AF055D3C1D314C550014282C /* Release */ = {
			isa = XCBuildConfiguration;
			buildSettings = {
				BUNDLE_LOADER = "$(TEST_HOST)";
				INFOPLIST_FILE = ChefTests/Info.plist;
				LD_RUNPATH_SEARCH_PATHS = "$(inherited) @executable_path/Frameworks @loader_path/Frameworks";
				PRODUCT_BUNDLE_IDENTIFIER = com.ChefTeam.ChefTests;
				PRODUCT_NAME = "$(TARGET_NAME)";
				TEST_HOST = "$(BUILT_PRODUCTS_DIR)/Chef.app/Chef";
			};
			name = Release;
		};
/* End XCBuildConfiguration section */

/* Begin XCConfigurationList section */
		AF055D121D314C550014282C /* Build configuration list for PBXProject "Chef" */ = {
			isa = XCConfigurationList;
			buildConfigurations = (
				AF055D351D314C550014282C /* Debug */,
				AF055D361D314C550014282C /* Release */,
			);
			defaultConfigurationIsVisible = 0;
			defaultConfigurationName = Release;
		};
		AF055D371D314C550014282C /* Build configuration list for PBXNativeTarget "Chef" */ = {
			isa = XCConfigurationList;
			buildConfigurations = (
				AF055D381D314C550014282C /* Debug */,
				AF055D391D314C550014282C /* Release */,
			);
			defaultConfigurationIsVisible = 0;
			defaultConfigurationName = Release;
		};
		AF055D3A1D314C550014282C /* Build configuration list for PBXNativeTarget "ChefTests" */ = {
			isa = XCConfigurationList;
			buildConfigurations = (
				AF055D3B1D314C550014282C /* Debug */,
				AF055D3C1D314C550014282C /* Release */,
			);
			defaultConfigurationIsVisible = 0;
			defaultConfigurationName = Release;
		};
/* End XCConfigurationList section */

/* Begin XCVersionGroup section */
		AF055D211D314C550014282C /* Chef.xcdatamodeld */ = {
			isa = XCVersionGroup;
			children = (
				AF055D221D314C550014282C /* Chef.xcdatamodel */,
			);
			currentVersion = AF055D221D314C550014282C /* Chef.xcdatamodel */;
			path = Chef.xcdatamodeld;
			sourceTree = "<group>";
			versionGroupType = wrapper.xcdatamodel;
		};
/* End XCVersionGroup section */
	};
	rootObject = AF055D0F1D314C550014282C /* Project object */;
}
